// !$*UTF8*$!
{
	archiveVersion = 1;
	classes = {
	};
	objectVersion = 56;
	objects = {

/* Begin PBXBuildFile section */
		E6C57ECE2AFA8CA500C15068 /* AppDelegate.swift in Sources */ = {isa = PBXBuildFile; fileRef = E6C57ECD2AFA8CA500C15068 /* AppDelegate.swift */; };
		E6C57ED02AFA8CA500C15068 /* SceneDelegate.swift in Sources */ = {isa = PBXBuildFile; fileRef = E6C57ECF2AFA8CA500C15068 /* SceneDelegate.swift */; };
		E6C57ED22AFA8CA500C15068 /* ViewController.swift in Sources */ = {isa = PBXBuildFile; fileRef = E6C57ED12AFA8CA500C15068 /* ViewController.swift */; };
		E6C57ED52AFA8CA500C15068 /* Main.storyboard in Resources */ = {isa = PBXBuildFile; fileRef = E6C57ED32AFA8CA500C15068 /* Main.storyboard */; };
		E6C57ED82AFA8CA500C15068 /* Hure_demo.xcdatamodeld in Sources */ = {isa = PBXBuildFile; fileRef = E6C57ED62AFA8CA500C15068 /* Hure_demo.xcdatamodeld */; };
		E6C57EDA2AFA8CA600C15068 /* Assets.xcassets in Resources */ = {isa = PBXBuildFile; fileRef = E6C57ED92AFA8CA600C15068 /* Assets.xcassets */; };
		E6C57EDD2AFA8CA600C15068 /* LaunchScreen.storyboard in Resources */ = {isa = PBXBuildFile; fileRef = E6C57EDB2AFA8CA600C15068 /* LaunchScreen.storyboard */; };
/* End PBXBuildFile section */

/* Begin PBXFileReference section */
		E6C57ECA2AFA8CA500C15068 /* Hure_demo.app */ = {isa = PBXFileReference; explicitFileType = wrapper.application; includeInIndex = 0; path = Hure_demo.app; sourceTree = BUILT_PRODUCTS_DIR; };
		E6C57ECD2AFA8CA500C15068 /* AppDelegate.swift */ = {isa = PBXFileReference; lastKnownFileType = sourcecode.swift; path = AppDelegate.swift; sourceTree = "<group>"; };
		E6C57ECF2AFA8CA500C15068 /* SceneDelegate.swift */ = {isa = PBXFileReference; lastKnownFileType = sourcecode.swift; path = SceneDelegate.swift; sourceTree = "<group>"; };
		E6C57ED12AFA8CA500C15068 /* ViewController.swift */ = {isa = PBXFileReference; lastKnownFileType = sourcecode.swift; path = ViewController.swift; sourceTree = "<group>"; };
		E6C57ED42AFA8CA500C15068 /* Base */ = {isa = PBXFileReference; lastKnownFileType = file.storyboard; name = Base; path = Base.lproj/Main.storyboard; sourceTree = "<group>"; };
		E6C57ED72AFA8CA500C15068 /* Hure_demo.xcdatamodel */ = {isa = PBXFileReference; lastKnownFileType = wrapper.xcdatamodel; path = Hure_demo.xcdatamodel; sourceTree = "<group>"; };
		E6C57ED92AFA8CA600C15068 /* Assets.xcassets */ = {isa = PBXFileReference; lastKnownFileType = folder.assetcatalog; path = Assets.xcassets; sourceTree = "<group>"; };
		E6C57EDC2AFA8CA600C15068 /* Base */ = {isa = PBXFileReference; lastKnownFileType = file.storyboard; name = Base; path = Base.lproj/LaunchScreen.storyboard; sourceTree = "<group>"; };
		E6C57EDE2AFA8CA600C15068 /* Info.plist */ = {isa = PBXFileReference; lastKnownFileType = text.plist.xml; path = Info.plist; sourceTree = "<group>"; };
/* End PBXFileReference section */

/* Begin PBXFrameworksBuildPhase section */
		E6C57EC72AFA8CA500C15068 /* Frameworks */ = {
			isa = PBXFrameworksBuildPhase;
			buildActionMask = 2147483647;
			files = (
			);
			runOnlyForDeploymentPostprocessing = 0;
		};
/* End PBXFrameworksBuildPhase section */

/* Begin PBXGroup section */
		E6C57EC12AFA8CA500C15068 = {
			isa = PBXGroup;
			children = (
				E6C57ECC2AFA8CA500C15068 /* Hure_demo */,
				E6C57ECB2AFA8CA500C15068 /* Products */,
			);
			sourceTree = "<group>";
		};
		E6C57ECB2AFA8CA500C15068 /* Products */ = {
			isa = PBXGroup;
			children = (
				E6C57ECA2AFA8CA500C15068 /* Hure_demo.app */,
			);
			name = Products;
			sourceTree = "<group>";
		};
		E6C57ECC2AFA8CA500C15068 /* Hure_demo */ = {
			isa = PBXGroup;
			children = (
				E6C57ECD2AFA8CA500C15068 /* AppDelegate.swift */,
				E6C57ECF2AFA8CA500C15068 /* SceneDelegate.swift */,
				E6C57ED12AFA8CA500C15068 /* ViewController.swift */,
				E6C57ED32AFA8CA500C15068 /* Main.storyboard */,
				E6C57ED92AFA8CA600C15068 /* Assets.xcassets */,
				E6C57EDB2AFA8CA600C15068 /* LaunchScreen.storyboard */,
				E6C57EDE2AFA8CA600C15068 /* Info.plist */,
				E6C57ED62AFA8CA500C15068 /* Hure_demo.xcdatamodeld */,
			);
			path = Hure_demo;
			sourceTree = "<group>";
		};
/* End PBXGroup section */

/* Begin PBXNativeTarget section */
		E6C57EC92AFA8CA500C15068 /* Hure_demo */ = {
			isa = PBXNativeTarget;
			buildConfigurationList = E6C57EE12AFA8CA600C15068 /* Build configuration list for PBXNativeTarget "Hure_demo" */;
			buildPhases = (
				E6C57EC62AFA8CA500C15068 /* Sources */,
				E6C57EC72AFA8CA500C15068 /* Frameworks */,
				E6C57EC82AFA8CA500C15068 /* Resources */,
			);
			buildRules = (
			);
			dependencies = (
			);
			name = Hure_demo;
			productName = Hure_demo;
			productReference = E6C57ECA2AFA8CA500C15068 /* Hure_demo.app */;
			productType = "com.apple.product-type.application";
		};
/* End PBXNativeTarget section */

/* Begin PBXProject section */
		E6C57EC22AFA8CA500C15068 /* Project object */ = {
			isa = PBXProject;
			attributes = {
				BuildIndependentTargetsInParallel = 1;
				LastSwiftUpdateCheck = 1500;
				LastUpgradeCheck = 1500;
				TargetAttributes = {
					E6C57EC92AFA8CA500C15068 = {
						CreatedOnToolsVersion = 15.0.1;
					};
				};
			};
			buildConfigurationList = E6C57EC52AFA8CA500C15068 /* Build configuration list for PBXProject "Hure_demo" */;
			compatibilityVersion = "Xcode 14.0";
			developmentRegion = en;
			hasScannedForEncodings = 0;
			knownRegions = (
				en,
				Base,
			);
			mainGroup = E6C57EC12AFA8CA500C15068;
			productRefGroup = E6C57ECB2AFA8CA500C15068 /* Products */;
			projectDirPath = "";
			projectRoot = "";
			targets = (
				E6C57EC92AFA8CA500C15068 /* Hure_demo */,
			);
		};
/* End PBXProject section */

/* Begin PBXResourcesBuildPhase section */
		E6C57EC82AFA8CA500C15068 /* Resources */ = {
			isa = PBXResourcesBuildPhase;
			buildActionMask = 2147483647;
			files = (
				E6C57EDD2AFA8CA600C15068 /* LaunchScreen.storyboard in Resources */,
				E6C57EDA2AFA8CA600C15068 /* Assets.xcassets in Resources */,
				E6C57ED52AFA8CA500C15068 /* Main.storyboard in Resources */,
			);
			runOnlyForDeploymentPostprocessing = 0;
		};
/* End PBXResourcesBuildPhase section */

/* Begin PBXSourcesBuildPhase section */
		E6C57EC62AFA8CA500C15068 /* Sources */ = {
			isa = PBXSourcesBuildPhase;
			buildActionMask = 2147483647;
			files = (
				E6C57ED22AFA8CA500C15068 /* ViewController.swift in Sources */,
				E6C57ECE2AFA8CA500C15068 /* AppDelegate.swift in Sources */,
				E6C57ED82AFA8CA500C15068 /* Hure_demo.xcdatamodeld in Sources */,
				E6C57ED02AFA8CA500C15068 /* SceneDelegate.swift in Sources */,
			);
			runOnlyForDeploymentPostprocessing = 0;
		};
/* End PBXSourcesBuildPhase section */

/* Begin PBXVariantGroup section */
		E6C57ED32AFA8CA500C15068 /* Main.storyboard */ = {
			isa = PBXVariantGroup;
			children = (
				E6C57ED42AFA8CA500C15068 /* Base */,
			);
			name = Main.storyboard;
			sourceTree = "<group>";
		};
		E6C57EDB2AFA8CA600C15068 /* LaunchScreen.storyboard */ = {
			isa = PBXVariantGroup;
			children = (
				E6C57EDC2AFA8CA600C15068 /* Base */,
			);
			name = LaunchScreen.storyboard;
			sourceTree = "<group>";
		};
/* End PBXVariantGroup section */

/* Begin XCBuildConfiguration section */
		E6C57EDF2AFA8CA600C15068 /* Debug */ = {
			isa = XCBuildConfiguration;
			buildSettings = {
				ALWAYS_SEARCH_USER_PATHS = NO;
				ASSETCATALOG_COMPILER_GENERATE_SWIFT_ASSET_SYMBOL_EXTENSIONS = YES;
				CLANG_ANALYZER_NONNULL = YES;
				CLANG_ANALYZER_NUMBER_OBJECT_CONVERSION = YES_AGGRESSIVE;
				CLANG_CXX_LANGUAGE_STANDARD = "gnu++20";
				CLANG_ENABLE_MODULES = YES;
				CLANG_ENABLE_OBJC_ARC = YES;
				CLANG_ENABLE_OBJC_WEAK = YES;
				CLANG_WARN_BLOCK_CAPTURE_AUTORELEASING = YES;
				CLANG_WARN_BOOL_CONVERSION = YES;
				CLANG_WARN_COMMA = YES;
				CLANG_WARN_CONSTANT_CONVERSION = YES;
				CLANG_WARN_DEPRECATED_OBJC_IMPLEMENTATIONS = YES;
				CLANG_WARN_DIRECT_OBJC_ISA_USAGE = YES_ERROR;
				CLANG_WARN_DOCUMENTATION_COMMENTS = YES;
				CLANG_WARN_EMPTY_BODY = YES;
				CLANG_WARN_ENUM_CONVERSION = YES;
				CLANG_WARN_INFINITE_RECURSION = YES;
				CLANG_WARN_INT_CONVERSION = YES;
				CLANG_WARN_NON_LITERAL_NULL_CONVERSION = YES;
				CLANG_WARN_OBJC_IMPLICIT_RETAIN_SELF = YES;
				CLANG_WARN_OBJC_LITERAL_CONVERSION = YES;
				CLANG_WARN_OBJC_ROOT_CLASS = YES_ERROR;
				CLANG_WARN_QUOTED_INCLUDE_IN_FRAMEWORK_HEADER = YES;
				CLANG_WARN_RANGE_LOOP_ANALYSIS = YES;
				CLANG_WARN_STRICT_PROTOTYPES = YES;
				CLANG_WARN_SUSPICIOUS_MOVE = YES;
				CLANG_WARN_UNGUARDED_AVAILABILITY = YES_AGGRESSIVE;
				CLANG_WARN_UNREACHABLE_CODE = YES;
				CLANG_WARN__DUPLICATE_METHOD_MATCH = YES;
				COPY_PHASE_STRIP = NO;
				DEBUG_INFORMATION_FORMAT = dwarf;
				ENABLE_STRICT_OBJC_MSGSEND = YES;
				ENABLE_TESTABILITY = YES;
				ENABLE_USER_SCRIPT_SANDBOXING = YES;
				GCC_C_LANGUAGE_STANDARD = gnu17;
				GCC_DYNAMIC_NO_PIC = NO;
				GCC_NO_COMMON_BLOCKS = YES;
				GCC_OPTIMIZATION_LEVEL = 0;
				GCC_PREPROCESSOR_DEFINITIONS = (
					"DEBUG=1",
					"$(inherited)",
				);
				GCC_WARN_64_TO_32_BIT_CONVERSION = YES;
				GCC_WARN_ABOUT_RETURN_TYPE = YES_ERROR;
				GCC_WARN_UNDECLARED_SELECTOR = YES;
				GCC_WARN_UNINITIALIZED_AUTOS = YES_AGGRESSIVE;
				GCC_WARN_UNUSED_FUNCTION = YES;
				GCC_WARN_UNUSED_VARIABLE = YES;
				IPHONEOS_DEPLOYMENT_TARGET = 17.0;
				LOCALIZATION_PREFERS_STRING_CATALOGS = YES;
				MTL_ENABLE_DEBUG_INFO = INCLUDE_SOURCE;
				MTL_FAST_MATH = YES;
				ONLY_ACTIVE_ARCH = YES;
				SDKROOT = iphoneos;
				SWIFT_ACTIVE_COMPILATION_CONDITIONS = "DEBUG $(inherited)";
				SWIFT_OPTIMIZATION_LEVEL = "-Onone";
			};
			name = Debug;
		};
		E6C57EE02AFA8CA600C15068 /* Release */ = {
			isa = XCBuildConfiguration;
			buildSettings = {
				ALWAYS_SEARCH_USER_PATHS = NO;
				ASSETCATALOG_COMPILER_GENERATE_SWIFT_ASSET_SYMBOL_EXTENSIONS = YES;
				CLANG_ANALYZER_NONNULL = YES;
				CLANG_ANALYZER_NUMBER_OBJECT_CONVERSION = YES_AGGRESSIVE;
				CLANG_CXX_LANGUAGE_STANDARD = "gnu++20";
				CLANG_ENABLE_MODULES = YES;
				CLANG_ENABLE_OBJC_ARC = YES;
				CLANG_ENABLE_OBJC_WEAK = YES;
				CLANG_WARN_BLOCK_CAPTURE_AUTORELEASING = YES;
				CLANG_WARN_BOOL_CONVERSION = YES;
				CLANG_WARN_COMMA = YES;
				CLANG_WARN_CONSTANT_CONVERSION = YES;
				CLANG_WARN_DEPRECATED_OBJC_IMPLEMENTATIONS = YES;
				CLANG_WARN_DIRECT_OBJC_ISA_USAGE = YES_ERROR;
				CLANG_WARN_DOCUMENTATION_COMMENTS = YES;
				CLANG_WARN_EMPTY_BODY = YES;
				CLANG_WARN_ENUM_CONVERSION = YES;
				CLANG_WARN_INFINITE_RECURSION = YES;
				CLANG_WARN_INT_CONVERSION = YES;
				CLANG_WARN_NON_LITERAL_NULL_CONVERSION = YES;
				CLANG_WARN_OBJC_IMPLICIT_RETAIN_SELF = YES;
				CLANG_WARN_OBJC_LITERAL_CONVERSION = YES;
				CLANG_WARN_OBJC_ROOT_CLASS = YES_ERROR;
				CLANG_WARN_QUOTED_INCLUDE_IN_FRAMEWORK_HEADER = YES;
				CLANG_WARN_RANGE_LOOP_ANALYSIS = YES;
				CLANG_WARN_STRICT_PROTOTYPES = YES;
				CLANG_WARN_SUSPICIOUS_MOVE = YES;
				CLANG_WARN_UNGUARDED_AVAILABILITY = YES_AGGRESSIVE;
				CLANG_WARN_UNREACHABLE_CODE = YES;
				CLANG_WARN__DUPLICATE_METHOD_MATCH = YES;
				COPY_PHASE_STRIP = NO;
				DEBUG_INFORMATION_FORMAT = "dwarf-with-dsym";
				ENABLE_NS_ASSERTIONS = NO;
				ENABLE_STRICT_OBJC_MSGSEND = YES;
				ENABLE_USER_SCRIPT_SANDBOXING = YES;
				GCC_C_LANGUAGE_STANDARD = gnu17;
				GCC_NO_COMMON_BLOCKS = YES;
				GCC_WARN_64_TO_32_BIT_CONVERSION = YES;
				GCC_WARN_ABOUT_RETURN_TYPE = YES_ERROR;
				GCC_WARN_UNDECLARED_SELECTOR = YES;
				GCC_WARN_UNINITIALIZED_AUTOS = YES_AGGRESSIVE;
				GCC_WARN_UNUSED_FUNCTION = YES;
				GCC_WARN_UNUSED_VARIABLE = YES;
				IPHONEOS_DEPLOYMENT_TARGET = 17.0;
				LOCALIZATION_PREFERS_STRING_CATALOGS = YES;
				MTL_ENABLE_DEBUG_INFO = NO;
				MTL_FAST_MATH = YES;
				SDKROOT = iphoneos;
				SWIFT_COMPILATION_MODE = wholemodule;
				VALIDATE_PRODUCT = YES;
			};
			name = Release;
		};
		E6C57EE22AFA8CA600C15068 /* Debug */ = {
			isa = XCBuildConfiguration;
			buildSettings = {
				ASSETCATALOG_COMPILER_APPICON_NAME = AppIcon;
				ASSETCATALOG_COMPILER_GLOBAL_ACCENT_COLOR_NAME = AccentColor;
				CODE_SIGN_STYLE = Automatic;
				CURRENT_PROJECT_VERSION = 1;
				DEVELOPMENT_TEAM = 865KW5QMSV;
				GENERATE_INFOPLIST_FILE = YES;
				INFOPLIST_FILE = Hure_demo/Info.plist;
				INFOPLIST_KEY_UIApplicationSupportsIndirectInputEvents = YES;
				INFOPLIST_KEY_UILaunchStoryboardName = LaunchScreen;
				INFOPLIST_KEY_UIMainStoryboardFile = Main;
				INFOPLIST_KEY_UISupportedInterfaceOrientations_iPad = "UIInterfaceOrientationPortrait UIInterfaceOrientationPortraitUpsideDown UIInterfaceOrientationLandscapeLeft UIInterfaceOrientationLandscapeRight";
				INFOPLIST_KEY_UISupportedInterfaceOrientations_iPhone = "UIInterfaceOrientationPortrait UIInterfaceOrientationLandscapeLeft UIInterfaceOrientationLandscapeRight";
				LD_RUNPATH_SEARCH_PATHS = (
					"$(inherited)",
					"@executable_path/Frameworks",
				);
				MARKETING_VERSION = 1.0;
				PRODUCT_BUNDLE_IDENTIFIER = "com.lashlyn23.Hure-demo";
				PRODUCT_NAME = "$(TARGET_NAME)";
				SWIFT_EMIT_LOC_STRINGS = YES;
				SWIFT_VERSION = 5.0;
				TARGETED_DEVICE_FAMILY = "1,2";
			};
			name = Debug;
		};
		E6C57EE32AFA8CA600C15068 /* Release */ = {
			isa = XCBuildConfiguration;
			buildSettings = {
				ASSETCATALOG_COMPILER_APPICON_NAME = AppIcon;
				ASSETCATALOG_COMPILER_GLOBAL_ACCENT_COLOR_NAME = AccentColor;
				CODE_SIGN_STYLE = Automatic;
				CURRENT_PROJECT_VERSION = 1;
				DEVELOPMENT_TEAM = 865KW5QMSV;
				GENERATE_INFOPLIST_FILE = YES;
				INFOPLIST_FILE = Hure_demo/Info.plist;
				INFOPLIST_KEY_UIApplicationSupportsIndirectInputEvents = YES;
				INFOPLIST_KEY_UILaunchStoryboardName = LaunchScreen;
				INFOPLIST_KEY_UIMainStoryboardFile = Main;
				INFOPLIST_KEY_UISupportedInterfaceOrientations_iPad = "UIInterfaceOrientationPortrait UIInterfaceOrientationPortraitUpsideDown UIInterfaceOrientationLandscapeLeft UIInterfaceOrientationLandscapeRight";
				INFOPLIST_KEY_UISupportedInterfaceOrientations_iPhone = "UIInterfaceOrientationPortrait UIInterfaceOrientationLandscapeLeft UIInterfaceOrientationLandscapeRight";
				LD_RUNPATH_SEARCH_PATHS = (
					"$(inherited)",
					"@executable_path/Frameworks",
				);
				MARKETING_VERSION = 1.0;
				PRODUCT_BUNDLE_IDENTIFIER = "com.lashlyn23.Hure-demo";
				PRODUCT_NAME = "$(TARGET_NAME)";
				SWIFT_EMIT_LOC_STRINGS = YES;
				SWIFT_VERSION = 5.0;
				TARGETED_DEVICE_FAMILY = "1,2";
			};
			name = Release;
		};
/* End XCBuildConfiguration section */

/* Begin XCConfigurationList section */
		E6C57EC52AFA8CA500C15068 /* Build configuration list for PBXProject "Hure_demo" */ = {
			isa = XCConfigurationList;
			buildConfigurations = (
				E6C57EDF2AFA8CA600C15068 /* Debug */,
				E6C57EE02AFA8CA600C15068 /* Release */,
			);
			defaultConfigurationIsVisible = 0;
			defaultConfigurationName = Release;
		};
		E6C57EE12AFA8CA600C15068 /* Build configuration list for PBXNativeTarget "Hure_demo" */ = {
			isa = XCConfigurationList;
			buildConfigurations = (
				E6C57EE22AFA8CA600C15068 /* Debug */,
				E6C57EE32AFA8CA600C15068 /* Release */,
			);
			defaultConfigurationIsVisible = 0;
			defaultConfigurationName = Release;
		};
/* End XCConfigurationList section */

/* Begin XCVersionGroup section */
		E6C57ED62AFA8CA500C15068 /* Hure_demo.xcdatamodeld */ = {
			isa = XCVersionGroup;
			children = (
				E6C57ED72AFA8CA500C15068 /* Hure_demo.xcdatamodel */,
			);
			currentVersion = E6C57ED72AFA8CA500C15068 /* Hure_demo.xcdatamodel */;
			path = Hure_demo.xcdatamodeld;
			sourceTree = "<group>";
			versionGroupType = wrapper.xcdatamodel;
		};
/* End XCVersionGroup section */
	};
	rootObject = E6C57EC22AFA8CA500C15068 /* Project object */;
}
